# This file is autogenerated, do not edit; changes may be undone by the next 'dep ensure'.


[[projects]]
  digest = "1:3f4b3ca543b7a4b8eae73385bb1478b52015c22fe473816d9e5819e8a6833a42"
  name = "github.com/Unknwon/com"
  packages = ["."]
  pruneopts = ""
  revision = "41959bdd855fb7db467f78865d5f9044507df1cd"
  version = "v2"

[[projects]]
  branch = "master"
  digest = "1:05f7dd1dc7530cd6b959f8b49660cd898f8dc9601b4e764ef9bdf211e6318774"
  name = "github.com/golang/freetype"
  packages = [
    ".",
    "raster",
    "truetype",
  ]
  pruneopts = ""
  revision = "e2365dfdc4a05e4b8299a783240d4a7d5a65d4e4"

[[projects]]
  digest = "1:ff94aac239f735cda1a97ec1a83908857d92e4044bf9a70568490a7a8bd3929d"
  name = "github.com/lifei6671/gocaptcha"
  packages = ["."]
  pruneopts = ""
  revision = "4ee5eae8060325104defaace04ff94b79c26a887"
  version = "v0.1"

[[projects]]
  branch = "master"
  digest = "1:5af73a1d89fa7bcb0f7f3e49c8d7d1f7b3da80430424b2a2055de414b779f31a"
  name = "golang.org/x/image"
  packages = [
    "font",
    "math/fixed",
  ]
  pruneopts = ""
  revision = "cd38e8056d9b27bb2f265effa37fb0ea6b8a7f0f"

[solve-meta]
  analyzer-name = "dep"
  analyzer-version = 1
  input-imports = [
    "github.com/Unknwon/com",
    "github.com/golang/freetype",
    "github.com/golang/freetype/truetype",
    "github.com/lifei6671/gocaptcha",
    "golang.org/x/image/font",
    "golang.org/x/image/math/fixed",
  ]
  solver-name = "gps-cdcl"
  solver-version = 1
